
Microsoft Visual Studio Solution File, Format Version 12.00
# Visual Studio Version 17
VisualStudioVersion = 17.8.34322.80
MinimumVisualStudioVersion = 10.0.40219.1
Project("{9A19103F-16F7-4668-BE54-9A1E7A4F7556}") = "Recipaldinio", "Recipaldinio\Recipaldinio.csproj", "{1A01A286-5EC8-4A70-AC29-FF97AA2CAB4B}"
EndProject
Global
	GlobalSection(SolutionConfigurationPlatforms) = preSolution
		Debug|Any CPU = Debug|Any CPU
		Release|Any CPU = Release|Any CPU
	EndGlobalSection
	GlobalSection(ProjectConfigurationPlatforms) = postSolution
		{1A01A286-5EC8-4A70-AC29-FF97AA2CAB4B}.Debug|Any CPU.ActiveCfg = Debug|Any CPU
		{1A01A286-5EC8-4A70-AC29-FF97AA2CAB4B}.Debug|Any CPU.Build.0 = Debug|Any CPU
		{1A01A286-5EC8-4A70-AC29-FF97AA2CAB4B}.Release|Any CPU.ActiveCfg = Release|Any CPU
		{1A01A286-5EC8-4A70-AC29-FF97AA2CAB4B}.Release|Any CPU.Build.0 = Release|Any CPU
	EndGlobalSection
	GlobalSection(SolutionProperties) = preSolution
		HideSolutionNode = FALSE
	EndGlobalSection
	GlobalSection(ExtensibilityGlobals) = postSolution
		SolutionGuid = {5D0E6CC7-0C4C-45E8-ACDC-82DA31261547}
	EndGlobalSection
EndGlobal
